{
  "nodes": {
    "nixpkgs": {
      "locked": {
        "lastModified": 1733550349,
        "narHash": "sha256-NcGumB4Lr6KSDq+nIqXtNA8QwAQKDSZT7N9OTGWbTrs=",
        "path": "/nix/store/sqmn1ky3k66661h32djyjvsr8l99330z-source",
        "rev": "e2605d0744c2417b09f8bf850dfca42fcf537d34",
        "type": "path"
      },
      "original": {
        "id": "nixpkgs",
        "type": "indirect"
      }
    },
    "root": {
      "inputs": {
        "nixpkgs": "nixpkgs"
      }
    }
  },
  "root": "root",
  "version": 7
}
